
Microsoft Visual Studio Solution File, Format Version 12.00
# Visual Studio Version 17
VisualStudioVersion = 17.9.34616.47
MinimumVisualStudioVersion = 10.0.40219.1
Project("{FAE04EC0-301F-11D3-BF4B-00C04F79EFBC}") = "Vehiculos", "Vehiculos\Vehiculos.csproj", "{313D057A-9D35-4A1D-AA42-9EDEB3ECFE11}"
EndProject
Global
	GlobalSection(SolutionConfigurationPlatforms) = preSolution
		Debug|Any CPU = Debug|Any CPU
		Release|Any CPU = Release|Any CPU
	EndGlobalSection
	GlobalSection(ProjectConfigurationPlatforms) = postSolution
		{313D057A-9D35-4A1D-AA42-9EDEB3ECFE11}.Debug|Any CPU.ActiveCfg = Debug|Any CPU
		{313D057A-9D35-4A1D-AA42-9EDEB3ECFE11}.Debug|Any CPU.Build.0 = Debug|Any CPU
		{313D057A-9D35-4A1D-AA42-9EDEB3ECFE11}.Release|Any CPU.ActiveCfg = Release|Any CPU
		{313D057A-9D35-4A1D-AA42-9EDEB3ECFE11}.Release|Any CPU.Build.0 = Release|Any CPU
	EndGlobalSection
	GlobalSection(SolutionProperties) = preSolution
		HideSolutionNode = FALSE
	EndGlobalSection
	GlobalSection(ExtensibilityGlobals) = postSolution
		SolutionGuid = {01411ED3-E753-40FA-B44B-23C13C506746}
	EndGlobalSection
EndGlobal
